
Microsoft Visual Studio Solution File, Format Version 12.00
# Visual Studio 15
VisualStudioVersion = 15.0.27130.2003
MinimumVisualStudioVersion = 10.0.40219.1
Project("{FAE04EC0-301F-11D3-BF4B-00C04F79EFBC}") = "Chat", "Chat\Chat.csproj", "{B793FABF-6DB5-4547-A422-E514FC45C597}"
EndProject
Global
	GlobalSection(SolutionConfigurationPlatforms) = preSolution
		Debug|Any CPU = Debug|Any CPU
		Release|Any CPU = Release|Any CPU
	EndGlobalSection
	GlobalSection(ProjectConfigurationPlatforms) = postSolution
		{B793FABF-6DB5-4547-A422-E514FC45C597}.Debug|Any CPU.ActiveCfg = Debug|Any CPU
		{B793FABF-6DB5-4547-A422-E514FC45C597}.Debug|Any CPU.Build.0 = Debug|Any CPU
		{B793FABF-6DB5-4547-A422-E514FC45C597}.Release|Any CPU.ActiveCfg = Release|Any CPU
		{B793FABF-6DB5-4547-A422-E514FC45C597}.Release|Any CPU.Build.0 = Release|Any CPU
	EndGlobalSection
	GlobalSection(SolutionProperties) = preSolution
		HideSolutionNode = FALSE
	EndGlobalSection
	GlobalSection(ExtensibilityGlobals) = postSolution
		SolutionGuid = {14DA9A5B-26AC-4C27-BAE7-DD1C88E0A367}
	EndGlobalSection
EndGlobal
