
Microsoft Visual Studio Solution File, Format Version 12.00
# Visual Studio 15
VisualStudioVersion = 15.0.27130.2024
MinimumVisualStudioVersion = 10.0.40219.1
Project("{FAE04EC0-301F-11D3-BF4B-00C04F79EFBC}") = "PathGDE", "PathGDE\PathGDE.csproj", "{17FEEFBD-4EB0-453E-A9D3-8AA4DCD04A6A}"
EndProject
Global
	GlobalSection(SolutionConfigurationPlatforms) = preSolution
		Debug|Any CPU = Debug|Any CPU
		Release|Any CPU = Release|Any CPU
	EndGlobalSection
	GlobalSection(ProjectConfigurationPlatforms) = postSolution
		{17FEEFBD-4EB0-453E-A9D3-8AA4DCD04A6A}.Debug|Any CPU.ActiveCfg = Debug|Any CPU
		{17FEEFBD-4EB0-453E-A9D3-8AA4DCD04A6A}.Debug|Any CPU.Build.0 = Debug|Any CPU
		{17FEEFBD-4EB0-453E-A9D3-8AA4DCD04A6A}.Release|Any CPU.ActiveCfg = Release|Any CPU
		{17FEEFBD-4EB0-453E-A9D3-8AA4DCD04A6A}.Release|Any CPU.Build.0 = Release|Any CPU
	EndGlobalSection
	GlobalSection(SolutionProperties) = preSolution
		HideSolutionNode = FALSE
	EndGlobalSection
	GlobalSection(ExtensibilityGlobals) = postSolution
		SolutionGuid = {BED8CD2C-61DA-4770-AE65-4F4E2BF931CE}
	EndGlobalSection
EndGlobal
