
Microsoft Visual Studio Solution File, Format Version 12.00
# Visual Studio 15
VisualStudioVersion = 15.0.27130.2024
MinimumVisualStudioVersion = 10.0.40219.1
Project("{FAE04EC0-301F-11D3-BF4B-00C04F79EFBC}") = "Market", "Market\Market.csproj", "{FF36E7EC-EE50-43F0-9C04-1827630B7AA4}"
EndProject
Global
	GlobalSection(SolutionConfigurationPlatforms) = preSolution
		Debug|Any CPU = Debug|Any CPU
		Release|Any CPU = Release|Any CPU
	EndGlobalSection
	GlobalSection(ProjectConfigurationPlatforms) = postSolution
		{FF36E7EC-EE50-43F0-9C04-1827630B7AA4}.Debug|Any CPU.ActiveCfg = Debug|Any CPU
		{FF36E7EC-EE50-43F0-9C04-1827630B7AA4}.Debug|Any CPU.Build.0 = Debug|Any CPU
		{FF36E7EC-EE50-43F0-9C04-1827630B7AA4}.Release|Any CPU.ActiveCfg = Release|Any CPU
		{FF36E7EC-EE50-43F0-9C04-1827630B7AA4}.Release|Any CPU.Build.0 = Release|Any CPU
	EndGlobalSection
	GlobalSection(SolutionProperties) = preSolution
		HideSolutionNode = FALSE
	EndGlobalSection
	GlobalSection(ExtensibilityGlobals) = postSolution
		SolutionGuid = {8EB939E6-642A-4E31-AA78-F52FB9443F76}
	EndGlobalSection
EndGlobal
