
Microsoft Visual Studio Solution File, Format Version 12.00
# Visual Studio 15
VisualStudioVersion = 15.0.27130.2024
MinimumVisualStudioVersion = 10.0.40219.1
Project("{FAE04EC0-301F-11D3-BF4B-00C04F79EFBC}") = "system", "system\system.csproj", "{29110F24-D24A-4C17-B719-B9A2F50C65CA}"
EndProject
Global
	GlobalSection(SolutionConfigurationPlatforms) = preSolution
		Debug|Any CPU = Debug|Any CPU
		Release|Any CPU = Release|Any CPU
	EndGlobalSection
	GlobalSection(ProjectConfigurationPlatforms) = postSolution
		{29110F24-D24A-4C17-B719-B9A2F50C65CA}.Debug|Any CPU.ActiveCfg = Debug|Any CPU
		{29110F24-D24A-4C17-B719-B9A2F50C65CA}.Debug|Any CPU.Build.0 = Debug|Any CPU
		{29110F24-D24A-4C17-B719-B9A2F50C65CA}.Release|Any CPU.ActiveCfg = Release|Any CPU
		{29110F24-D24A-4C17-B719-B9A2F50C65CA}.Release|Any CPU.Build.0 = Release|Any CPU
	EndGlobalSection
	GlobalSection(SolutionProperties) = preSolution
		HideSolutionNode = FALSE
	EndGlobalSection
	GlobalSection(ExtensibilityGlobals) = postSolution
		SolutionGuid = {CC9431B5-1679-4BFA-A0AF-82A5B28265F9}
	EndGlobalSection
EndGlobal
